
Microsoft Visual Studio Solution File, Format Version 12.00
Project("{FAE04EC0-301F-11D3-BF4B-00C04F79EFBC}") = "MacRiderUserSecretsProof", "MacRiderUserSecretsProof.csproj", "{1FDE53F6-1F79-41E1-B9F1-5128A280D96E}"
EndProject
Global
	GlobalSection(SolutionConfigurationPlatforms) = preSolution
		Debug|Any CPU = Debug|Any CPU
		Release|Any CPU = Release|Any CPU
	EndGlobalSection
	GlobalSection(ProjectConfigurationPlatforms) = postSolution
		{1FDE53F6-1F79-41E1-B9F1-5128A280D96E}.Debug|Any CPU.ActiveCfg = Debug|Any CPU
		{1FDE53F6-1F79-41E1-B9F1-5128A280D96E}.Debug|Any CPU.Build.0 = Debug|Any CPU
		{1FDE53F6-1F79-41E1-B9F1-5128A280D96E}.Release|Any CPU.ActiveCfg = Release|Any CPU
		{1FDE53F6-1F79-41E1-B9F1-5128A280D96E}.Release|Any CPU.Build.0 = Release|Any CPU
	EndGlobalSection
EndGlobal
